PODS:
  - Alamofire (4.9.1)
  - HandyJSON (5.0.2)
  - Kingfisher (4.10.1)
  - SnapKit (4.2.0)
  - SwiftTheme (0.5.5)
  - SwiftyJSON (5.0.0)

DEPENDENCIES:
  - Alamofire
  - HandyJSON
  - Kingfisher
  - SnapKit
  - SwiftTheme
  - SwiftyJSON

SPEC REPOS:
  trunk:
    - Alamofire
    - HandyJSON
    - Kingfisher
    - SnapKit
    - SwiftTheme
    - SwiftyJSON

SPEC CHECKSUMS:
  Alamofire: 85e8a02c69d6020a0d734f6054870d7ecb75cf18
  HandyJSON: 9e4e236f5d2dbefad5155a77417bbea438201c03
  Kingfisher: c148cd7b47ebde9989f6bc7c27dcaa79d81279a0
  SnapKit: fe8a619752f3f27075cc9a90244d75c6c3f27e2a
  SwiftTheme: 585ead917c78ea3fc508437b0a141d29c034bdb0
  SwiftyJSON: 36413e04c44ee145039d332b4f4e2d3e8d6c4db7

PODFILE CHECKSUM: 86098e2e03936fd768ba79d51874e2e9dc61da58

COCOAPODS: 1.10.0
